
Microsoft Visual Studio Solution File, Format Version 12.00
# Visual Studio Version 17
VisualStudioVersion = 17.9.34728.123
MinimumVisualStudioVersion = 10.0.40219.1
Project("{FAE04EC0-301F-11D3-BF4B-00C04F79EFBC}") = "VentaConciertoAPI", "VentaConciertoAPI\VentaConciertoAPI.csproj", "{7910BC11-F551-4CA5-BF47-F30FF245EDF0}"
EndProject
Project("{FAE04EC0-301F-11D3-BF4B-00C04F79EFBC}") = "Venta.BC", "Venta.BC\Venta.BC.csproj", "{1F502635-5A73-4FE2-84AD-DC47CE716A1F}"
EndProject
Project("{FAE04EC0-301F-11D3-BF4B-00C04F79EFBC}") = "Venta.BW", "Venta.BW\Venta.BW.csproj", "{FA6AE152-C945-4332-9011-C74C8D4F5F41}"
EndProject
Project("{FAE04EC0-301F-11D3-BF4B-00C04F79EFBC}") = "Venta.DA", "Venta.DA\Venta.DA.csproj", "{CE178FD1-7B9A-413D-A518-C4F17AECEA16}"
EndProject
Project("{FAE04EC0-301F-11D3-BF4B-00C04F79EFBC}") = "Venta.SG", "Venta.SG\Venta.SG.csproj", "{D526A07F-1397-4197-A3C3-966C15BAD14B}"
EndProject
Global
	GlobalSection(SolutionConfigurationPlatforms) = preSolution
		Debug|Any CPU = Debug|Any CPU
		Release|Any CPU = Release|Any CPU
	EndGlobalSection
	GlobalSection(ProjectConfigurationPlatforms) = postSolution
		{7910BC11-F551-4CA5-BF47-F30FF245EDF0}.Debug|Any CPU.ActiveCfg = Debug|Any CPU
		{7910BC11-F551-4CA5-BF47-F30FF245EDF0}.Debug|Any CPU.Build.0 = Debug|Any CPU
		{7910BC11-F551-4CA5-BF47-F30FF245EDF0}.Release|Any CPU.ActiveCfg = Release|Any CPU
		{7910BC11-F551-4CA5-BF47-F30FF245EDF0}.Release|Any CPU.Build.0 = Release|Any CPU
		{1F502635-5A73-4FE2-84AD-DC47CE716A1F}.Debug|Any CPU.ActiveCfg = Debug|Any CPU
		{1F502635-5A73-4FE2-84AD-DC47CE716A1F}.Debug|Any CPU.Build.0 = Debug|Any CPU
		{1F502635-5A73-4FE2-84AD-DC47CE716A1F}.Release|Any CPU.ActiveCfg = Release|Any CPU
		{1F502635-5A73-4FE2-84AD-DC47CE716A1F}.Release|Any CPU.Build.0 = Release|Any CPU
		{FA6AE152-C945-4332-9011-C74C8D4F5F41}.Debug|Any CPU.ActiveCfg = Debug|Any CPU
		{FA6AE152-C945-4332-9011-C74C8D4F5F41}.Debug|Any CPU.Build.0 = Debug|Any CPU
		{FA6AE152-C945-4332-9011-C74C8D4F5F41}.Release|Any CPU.ActiveCfg = Release|Any CPU
		{FA6AE152-C945-4332-9011-C74C8D4F5F41}.Release|Any CPU.Build.0 = Release|Any CPU
		{CE178FD1-7B9A-413D-A518-C4F17AECEA16}.Debug|Any CPU.ActiveCfg = Debug|Any CPU
		{CE178FD1-7B9A-413D-A518-C4F17AECEA16}.Debug|Any CPU.Build.0 = Debug|Any CPU
		{CE178FD1-7B9A-413D-A518-C4F17AECEA16}.Release|Any CPU.ActiveCfg = Release|Any CPU
		{CE178FD1-7B9A-413D-A518-C4F17AECEA16}.Release|Any CPU.Build.0 = Release|Any CPU
		{D526A07F-1397-4197-A3C3-966C15BAD14B}.Debug|Any CPU.ActiveCfg = Debug|Any CPU
		{D526A07F-1397-4197-A3C3-966C15BAD14B}.Debug|Any CPU.Build.0 = Debug|Any CPU
		{D526A07F-1397-4197-A3C3-966C15BAD14B}.Release|Any CPU.ActiveCfg = Release|Any CPU
		{D526A07F-1397-4197-A3C3-966C15BAD14B}.Release|Any CPU.Build.0 = Release|Any CPU
	EndGlobalSection
	GlobalSection(SolutionProperties) = preSolution
		HideSolutionNode = FALSE
	EndGlobalSection
	GlobalSection(ExtensibilityGlobals) = postSolution
		SolutionGuid = {D4F18D3C-7E28-4A40-BE99-267891224742}
	EndGlobalSection
EndGlobal
